
Microsoft Visual Studio Solution File, Format Version 12.00
# Visual Studio Version 17
VisualStudioVersion = 17.10.35004.147
MinimumVisualStudioVersion = 10.0.40219.1
Project("{2150E333-8FDC-42A3-9474-1A3956D46DE8}") = "App", "App", "{41DA788C-0DAC-4357-9DBD-976A9368A24A}"
EndProject
Project("{2150E333-8FDC-42A3-9474-1A3956D46DE8}") = "Core", "Core", "{B5943040-165D-420A-8F1D-948C3C37E91A}"
EndProject
Project("{2150E333-8FDC-42A3-9474-1A3956D46DE8}") = "Infrastructure", "Infrastructure", "{2445AF92-D772-48B1-97F8-E6CE58F90022}"
EndProject
Project("{2150E333-8FDC-42A3-9474-1A3956D46DE8}") = "Tests", "Tests", "{543FB2D5-9D28-4ED2-8A3B-E75A4E98A0CA}"
EndProject
Project("{9A19103F-16F7-4668-BE54-9A1E7A4F7556}") = "Octavus.Core.Application", "Octavus.Core.Application\Octavus.Core.Application.csproj", "{2D105A24-4057-43D6-B907-D27C8A3D7505}"
EndProject
Project("{9A19103F-16F7-4668-BE54-9A1E7A4F7556}") = "Octavus.Core.Domain", "Octavus.Core.Domain\Octavus.Core.Domain.csproj", "{8A1CDDE8-8816-40F0-BA10-C0E9F0F4C537}"
EndProject
Project("{9A19103F-16F7-4668-BE54-9A1E7A4F7556}") = "Octavus.Infra.Core", "Octavus.Infra.Core\Octavus.Infra.Core.csproj", "{725A9485-0EFB-4207-B93B-4F69057F4E69}"
EndProject
Project("{9A19103F-16F7-4668-BE54-9A1E7A4F7556}") = "Octavus.Infra.Persistence", "Octavus.Infra.Persistence\Octavus.Infra.Persistence.csproj", "{0FD9F9E8-206C-44CC-9344-415A6857E3FF}"
EndProject
Project("{9A19103F-16F7-4668-BE54-9A1E7A4F7556}") = "Octavus.App.Api", "Octavus.Api.Api\Octavus.App.Api.csproj", "{CFBD4C10-6538-4A08-8955-545E7FCE3F0B}"
EndProject
Global
	GlobalSection(SolutionConfigurationPlatforms) = preSolution
		Debug|Any CPU = Debug|Any CPU
		Release|Any CPU = Release|Any CPU
	EndGlobalSection
	GlobalSection(ProjectConfigurationPlatforms) = postSolution
		{2D105A24-4057-43D6-B907-D27C8A3D7505}.Debug|Any CPU.ActiveCfg = Debug|Any CPU
		{2D105A24-4057-43D6-B907-D27C8A3D7505}.Debug|Any CPU.Build.0 = Debug|Any CPU
		{2D105A24-4057-43D6-B907-D27C8A3D7505}.Release|Any CPU.ActiveCfg = Release|Any CPU
		{2D105A24-4057-43D6-B907-D27C8A3D7505}.Release|Any CPU.Build.0 = Release|Any CPU
		{8A1CDDE8-8816-40F0-BA10-C0E9F0F4C537}.Debug|Any CPU.ActiveCfg = Debug|Any CPU
		{8A1CDDE8-8816-40F0-BA10-C0E9F0F4C537}.Debug|Any CPU.Build.0 = Debug|Any CPU
		{8A1CDDE8-8816-40F0-BA10-C0E9F0F4C537}.Release|Any CPU.ActiveCfg = Release|Any CPU
		{8A1CDDE8-8816-40F0-BA10-C0E9F0F4C537}.Release|Any CPU.Build.0 = Release|Any CPU
		{725A9485-0EFB-4207-B93B-4F69057F4E69}.Debug|Any CPU.ActiveCfg = Debug|Any CPU
		{725A9485-0EFB-4207-B93B-4F69057F4E69}.Debug|Any CPU.Build.0 = Debug|Any CPU
		{725A9485-0EFB-4207-B93B-4F69057F4E69}.Release|Any CPU.ActiveCfg = Release|Any CPU
		{725A9485-0EFB-4207-B93B-4F69057F4E69}.Release|Any CPU.Build.0 = Release|Any CPU
		{0FD9F9E8-206C-44CC-9344-415A6857E3FF}.Debug|Any CPU.ActiveCfg = Debug|Any CPU
		{0FD9F9E8-206C-44CC-9344-415A6857E3FF}.Debug|Any CPU.Build.0 = Debug|Any CPU
		{0FD9F9E8-206C-44CC-9344-415A6857E3FF}.Release|Any CPU.ActiveCfg = Release|Any CPU
		{0FD9F9E8-206C-44CC-9344-415A6857E3FF}.Release|Any CPU.Build.0 = Release|Any CPU
		{CFBD4C10-6538-4A08-8955-545E7FCE3F0B}.Debug|Any CPU.ActiveCfg = Debug|Any CPU
		{CFBD4C10-6538-4A08-8955-545E7FCE3F0B}.Debug|Any CPU.Build.0 = Debug|Any CPU
		{CFBD4C10-6538-4A08-8955-545E7FCE3F0B}.Release|Any CPU.ActiveCfg = Release|Any CPU
		{CFBD4C10-6538-4A08-8955-545E7FCE3F0B}.Release|Any CPU.Build.0 = Release|Any CPU
	EndGlobalSection
	GlobalSection(SolutionProperties) = preSolution
		HideSolutionNode = FALSE
	EndGlobalSection
	GlobalSection(NestedProjects) = preSolution
		{2D105A24-4057-43D6-B907-D27C8A3D7505} = {B5943040-165D-420A-8F1D-948C3C37E91A}
		{8A1CDDE8-8816-40F0-BA10-C0E9F0F4C537} = {B5943040-165D-420A-8F1D-948C3C37E91A}
		{725A9485-0EFB-4207-B93B-4F69057F4E69} = {2445AF92-D772-48B1-97F8-E6CE58F90022}
		{0FD9F9E8-206C-44CC-9344-415A6857E3FF} = {2445AF92-D772-48B1-97F8-E6CE58F90022}
		{CFBD4C10-6538-4A08-8955-545E7FCE3F0B} = {41DA788C-0DAC-4357-9DBD-976A9368A24A}
	EndGlobalSection
	GlobalSection(ExtensibilityGlobals) = postSolution
		SolutionGuid = {A4D19EB2-950D-4963-A0F9-8034CAC2ADA2}
	EndGlobalSection
EndGlobal
